
Microsoft Visual Studio Solution File, Format Version 12.00
Project("{FAE04EC0-301F-11D3-BF4B-00C04F79EFBC}") = "Platform.Quartz", "Platform.Quartz\Platform.Quartz.csproj", "{24C81B0E-7C88-4FEA-9AA4-480DE00C5337}"
EndProject
Global
	GlobalSection(SolutionConfigurationPlatforms) = preSolution
		Debug|Any CPU = Debug|Any CPU
		Release|Any CPU = Release|Any CPU
	EndGlobalSection
	GlobalSection(ProjectConfigurationPlatforms) = postSolution
		{24C81B0E-7C88-4FEA-9AA4-480DE00C5337}.Debug|Any CPU.ActiveCfg = Debug|Any CPU
		{24C81B0E-7C88-4FEA-9AA4-480DE00C5337}.Debug|Any CPU.Build.0 = Debug|Any CPU
		{24C81B0E-7C88-4FEA-9AA4-480DE00C5337}.Release|Any CPU.ActiveCfg = Release|Any CPU
		{24C81B0E-7C88-4FEA-9AA4-480DE00C5337}.Release|Any CPU.Build.0 = Release|Any CPU
	EndGlobalSection
EndGlobal
